// !$*UTF8*$!
{
	archiveVersion = 1;
	classes = {
	};
	objectVersion = 50;
	objects = {

/* Begin PBXBuildFile section */
		561472AF22D1085800648B86 /* AppDelegate.swift in Sources */ = {isa = PBXBuildFile; fileRef = 561472AE22D1085800648B86 /* AppDelegate.swift */; };
		561472B422D1085800648B86 /* Login.storyboard in Resources */ = {isa = PBXBuildFile; fileRef = 561472B222D1085800648B86 /* Login.storyboard */; };
		561472B622D1085C00648B86 /* Assets.xcassets in Resources */ = {isa = PBXBuildFile; fileRef = 561472B522D1085C00648B86 /* Assets.xcassets */; };
		561472B922D1085C00648B86 /* LaunchScreen.storyboard in Resources */ = {isa = PBXBuildFile; fileRef = 561472B722D1085C00648B86 /* LaunchScreen.storyboard */; };
		561472C322D108C100648B86 /* User.swift in Sources */ = {isa = PBXBuildFile; fileRef = 561472C222D108C100648B86 /* User.swift */; };
		561472C622D10B1300648B86 /* Post.swift in Sources */ = {isa = PBXBuildFile; fileRef = 561472C522D10B1300648B86 /* Post.swift */; };
		561472C822D10EEF00648B86 /* Gif.swift in Sources */ = {isa = PBXBuildFile; fileRef = 561472C722D10EEF00648B86 /* Gif.swift */; };
		561472CE22D1115A00648B86 /* Reply.swift in Sources */ = {isa = PBXBuildFile; fileRef = 561472CD22D1115A00648B86 /* Reply.swift */; };
		561472D022D111F500648B86 /* GifController.swift in Sources */ = {isa = PBXBuildFile; fileRef = 561472CF22D111F500648B86 /* GifController.swift */; };
		561472D322D1224800648B86 /* LoginVC.swift in Sources */ = {isa = PBXBuildFile; fileRef = 561472D222D1224800648B86 /* LoginVC.swift */; };
		561472D522D1225800648B86 /* SignupVC.swift in Sources */ = {isa = PBXBuildFile; fileRef = 561472D422D1225800648B86 /* SignupVC.swift */; };
		561472DB22D1252300648B86 /* extensionVC.swift in Sources */ = {isa = PBXBuildFile; fileRef = 561472DA22D1252300648B86 /* extensionVC.swift */; };
		561472E022D12FC100648B86 /* extensionColors.swift in Sources */ = {isa = PBXBuildFile; fileRef = 561472DF22D12FC100648B86 /* extensionColors.swift */; };
		561472E222D131CD00648B86 /* MemicTF.swift in Sources */ = {isa = PBXBuildFile; fileRef = 561472E122D131CD00648B86 /* MemicTF.swift */; };
		561472E522D1325A00648B86 /* extensionFont.swift in Sources */ = {isa = PBXBuildFile; fileRef = 561472E422D1325A00648B86 /* extensionFont.swift */; };
		561472E722D132C600648B86 /* extensionView.swift in Sources */ = {isa = PBXBuildFile; fileRef = 561472E622D132C600648B86 /* extensionView.swift */; };
		561472E922D13C3F00648B86 /* Fonts in Resources */ = {isa = PBXBuildFile; fileRef = 561472E822D13C3F00648B86 /* Fonts */; };
		561472EB22D13E3600648B86 /* MemicButton.swift in Sources */ = {isa = PBXBuildFile; fileRef = 561472EA22D13E3600648B86 /* MemicButton.swift */; };
		561472ED22D140D800648B86 /* MemicButtonDark.swift in Sources */ = {isa = PBXBuildFile; fileRef = 561472EC22D140D800648B86 /* MemicButtonDark.swift */; };
		561472EF22D1411700648B86 /* MemicButtonText.swift in Sources */ = {isa = PBXBuildFile; fileRef = 561472EE22D1411700648B86 /* MemicButtonText.swift */; };
		561472F122D1432C00648B86 /* MemicLabel.swift in Sources */ = {isa = PBXBuildFile; fileRef = 561472F022D1432C00648B86 /* MemicLabel.swift */; };
		561472F322D1449400648B86 /* ProfilePictureVC.swift in Sources */ = {isa = PBXBuildFile; fileRef = 561472F222D1449400648B86 /* ProfilePictureVC.swift */; };
		561472F522D144D300648B86 /* MemicView.swift in Sources */ = {isa = PBXBuildFile; fileRef = 561472F422D144D300648B86 /* MemicView.swift */; };
		561472F722D1489400648B86 /* PhotoUploadVC.swift in Sources */ = {isa = PBXBuildFile; fileRef = 561472F622D1489400648B86 /* PhotoUploadVC.swift */; };
		561472F922D1581400648B86 /* GoogleService-Info.plist in Resources */ = {isa = PBXBuildFile; fileRef = 561472F822D1581400648B86 /* GoogleService-Info.plist */; };
		5614730C22D15A4B00648B86 /* FirebaseAnalytics.framework in Frameworks */ = {isa = PBXBuildFile; fileRef = 561472FB22D15A4A00648B86 /* FirebaseAnalytics.framework */; };
		5614730D22D15A4B00648B86 /* FirebaseCoreDiagnostics.framework in Frameworks */ = {isa = PBXBuildFile; fileRef = 561472FC22D15A4A00648B86 /* FirebaseCoreDiagnostics.framework */; };
		5614730E22D15A4B00648B86 /* GoogleUtilities.framework in Frameworks */ = {isa = PBXBuildFile; fileRef = 561472FD22D15A4A00648B86 /* GoogleUtilities.framework */; };
		5614730F22D15A4B00648B86 /* GTMSessionFetcher.framework in Frameworks */ = {isa = PBXBuildFile; fileRef = 561472FE22D15A4A00648B86 /* GTMSessionFetcher.framework */; };
		5614731022D15A4B00648B86 /* leveldb-library.framework in Frameworks */ = {isa = PBXBuildFile; fileRef = 561472FF22D15A4A00648B86 /* leveldb-library.framework */; };
		5614731122D15A4B00648B86 /* gRPC-C++.framework in Frameworks */ = {isa = PBXBuildFile; fileRef = 5614730022D15A4A00648B86 /* gRPC-C++.framework */; };
		5614731222D15A4B00648B86 /* Firebase.framework in Frameworks */ = {isa = PBXBuildFile; fileRef = 5614730122D15A4A00648B86 /* Firebase.framework */; };
		5614731322D15A4B00648B86 /* Protobuf.framework in Frameworks */ = {isa = PBXBuildFile; fileRef = 5614730222D15A4A00648B86 /* Protobuf.framework */; };
		5614731422D15A4B00648B86 /* FirebaseAuth.framework in Frameworks */ = {isa = PBXBuildFile; fileRef = 5614730322D15A4A00648B86 /* FirebaseAuth.framework */; };
		5614731522D15A4B00648B86 /* FirebaseCore.framework in Frameworks */ = {isa = PBXBuildFile; fileRef = 5614730422D15A4A00648B86 /* FirebaseCore.framework */; };
		5614731622D15A4B00648B86 /* FirebaseFirestore.framework in Frameworks */ = {isa = PBXBuildFile; fileRef = 5614730522D15A4A00648B86 /* FirebaseFirestore.framework */; };
		5614731722D15A4B00648B86 /* GoogleAppMeasurement.framework in Frameworks */ = {isa = PBXBuildFile; fileRef = 5614730622D15A4A00648B86 /* GoogleAppMeasurement.framework */; };
		5614731822D15A4B00648B86 /* FIRAnalyticsConnector.framework in Frameworks */ = {isa = PBXBuildFile; fileRef = 5614730722D15A4A00648B86 /* FIRAnalyticsConnector.framework */; };
		5614731922D15A4B00648B86 /* FirebaseInstanceID.framework in Frameworks */ = {isa = PBXBuildFile; fileRef = 5614730822D15A4B00648B86 /* FirebaseInstanceID.framework */; };
		5614731A22D15A4B00648B86 /* BoringSSL-GRPC.framework in Frameworks */ = {isa = PBXBuildFile; fileRef = 5614730922D15A4B00648B86 /* BoringSSL-GRPC.framework */; };
		5614731B22D15A4B00648B86 /* gRPC-Core.framework in Frameworks */ = {isa = PBXBuildFile; fileRef = 5614730A22D15A4B00648B86 /* gRPC-Core.framework */; };
		5614731C22D15A4B00648B86 /* nanopb.framework in Frameworks */ = {isa = PBXBuildFile; fileRef = 5614730B22D15A4B00648B86 /* nanopb.framework */; };
		5614731E22D15A6900648B86 /* libsqlite3.tbd in Frameworks */ = {isa = PBXBuildFile; fileRef = 5614731D22D15A6900648B86 /* libsqlite3.tbd */; };
		5614732022D15A7B00648B86 /* libc++.tbd in Frameworks */ = {isa = PBXBuildFile; fileRef = 5614731F22D15A7B00648B86 /* libc++.tbd */; };
		5614732222D15A8D00648B86 /* StoreKit.framework in Frameworks */ = {isa = PBXBuildFile; fileRef = 5614732122D15A8D00648B86 /* StoreKit.framework */; };
		5614732422D15F5400648B86 /* UserController.swift in Sources */ = {isa = PBXBuildFile; fileRef = 5614732322D15F5400648B86 /* UserController.swift */; };
		5614732622D1625F00648B86 /* Errors.swift in Sources */ = {isa = PBXBuildFile; fileRef = 5614732522D1625F00648B86 /* Errors.swift */; };
		5614732822D1CADE00648B86 /* gRPCCertificates-Cpp.bundle in Resources */ = {isa = PBXBuildFile; fileRef = 5614732722D1CADE00648B86 /* gRPCCertificates-Cpp.bundle */; };
		562178F822D284A900B45E7B /* Navigation.storyboard in Resources */ = {isa = PBXBuildFile; fileRef = 562178F722D284A900B45E7B /* Navigation.storyboard */; };
		562178FA22D2873900B45E7B /* Feed.storyboard in Resources */ = {isa = PBXBuildFile; fileRef = 562178F922D2873900B45E7B /* Feed.storyboard */; };
		562178FC22D287AA00B45E7B /* FeedVC.swift in Sources */ = {isa = PBXBuildFile; fileRef = 562178FB22D287AA00B45E7B /* FeedVC.swift */; };
		562178FE22D2890300B45E7B /* NavigationTBC.swift in Sources */ = {isa = PBXBuildFile; fileRef = 562178FD22D2890300B45E7B /* NavigationTBC.swift */; };
		5621790022D28C0F00B45E7B /* PostVC.swift in Sources */ = {isa = PBXBuildFile; fileRef = 562178FF22D28C0F00B45E7B /* PostVC.swift */; };
		5621790322D28CAE00B45E7B /* Post.storyboard in Resources */ = {isa = PBXBuildFile; fileRef = 5621790222D28CAE00B45E7B /* Post.storyboard */; };
/* End PBXBuildFile section */

/* Begin PBXFileReference section */
		561472AB22D1085800648B86 /* M3MIC.app */ = {isa = PBXFileReference; explicitFileType = wrapper.application; includeInIndex = 0; path = M3MIC.app; sourceTree = BUILT_PRODUCTS_DIR; };
		561472AE22D1085800648B86 /* AppDelegate.swift */ = {isa = PBXFileReference; lastKnownFileType = sourcecode.swift; path = AppDelegate.swift; sourceTree = "<group>"; };
		561472B322D1085800648B86 /* Base */ = {isa = PBXFileReference; lastKnownFileType = file.storyboard; name = Base; path = Base.lproj/Login.storyboard; sourceTree = "<group>"; };
		561472B522D1085C00648B86 /* Assets.xcassets */ = {isa = PBXFileReference; lastKnownFileType = folder.assetcatalog; path = Assets.xcassets; sourceTree = "<group>"; };
		561472B822D1085C00648B86 /* Base */ = {isa = PBXFileReference; lastKnownFileType = file.storyboard; name = Base; path = Base.lproj/LaunchScreen.storyboard; sourceTree = "<group>"; };
		561472BA22D1085C00648B86 /* Info.plist */ = {isa = PBXFileReference; lastKnownFileType = text.plist.xml; path = Info.plist; sourceTree = "<group>"; };
		561472C222D108C100648B86 /* User.swift */ = {isa = PBXFileReference; lastKnownFileType = sourcecode.swift; path = User.swift; sourceTree = "<group>"; };
		561472C522D10B1300648B86 /* Post.swift */ = {isa = PBXFileReference; lastKnownFileType = sourcecode.swift; path = Post.swift; sourceTree = "<group>"; };
		561472C722D10EEF00648B86 /* Gif.swift */ = {isa = PBXFileReference; lastKnownFileType = sourcecode.swift; path = Gif.swift; sourceTree = "<group>"; };
		561472CD22D1115A00648B86 /* Reply.swift */ = {isa = PBXFileReference; lastKnownFileType = sourcecode.swift; path = Reply.swift; sourceTree = "<group>"; };
		561472CF22D111F500648B86 /* GifController.swift */ = {isa = PBXFileReference; lastKnownFileType = sourcecode.swift; path = GifController.swift; sourceTree = "<group>"; };
		561472D222D1224800648B86 /* LoginVC.swift */ = {isa = PBXFileReference; lastKnownFileType = sourcecode.swift; path = LoginVC.swift; sourceTree = "<group>"; };
		561472D422D1225800648B86 /* SignupVC.swift */ = {isa = PBXFileReference; lastKnownFileType = sourcecode.swift; path = SignupVC.swift; sourceTree = "<group>"; };
		561472DA22D1252300648B86 /* extensionVC.swift */ = {isa = PBXFileReference; lastKnownFileType = sourcecode.swift; path = extensionVC.swift; sourceTree = "<group>"; };
		561472DF22D12FC100648B86 /* extensionColors.swift */ = {isa = PBXFileReference; lastKnownFileType = sourcecode.swift; path = extensionColors.swift; sourceTree = "<group>"; };
		561472E122D131CD00648B86 /* MemicTF.swift */ = {isa = PBXFileReference; lastKnownFileType = sourcecode.swift; path = MemicTF.swift; sourceTree = "<group>"; };
		561472E422D1325A00648B86 /* extensionFont.swift */ = {isa = PBXFileReference; lastKnownFileType = sourcecode.swift; path = extensionFont.swift; sourceTree = "<group>"; };
		561472E622D132C600648B86 /* extensionView.swift */ = {isa = PBXFileReference; lastKnownFileType = sourcecode.swift; path = extensionView.swift; sourceTree = "<group>"; };
		561472E822D13C3F00648B86 /* Fonts */ = {isa = PBXFileReference; lastKnownFileType = folder; path = Fonts; sourceTree = "<group>"; };
		561472EA22D13E3600648B86 /* MemicButton.swift */ = {isa = PBXFileReference; lastKnownFileType = sourcecode.swift; path = MemicButton.swift; sourceTree = "<group>"; };
		561472EC22D140D800648B86 /* MemicButtonDark.swift */ = {isa = PBXFileReference; lastKnownFileType = sourcecode.swift; path = MemicButtonDark.swift; sourceTree = "<group>"; };
		561472EE22D1411700648B86 /* MemicButtonText.swift */ = {isa = PBXFileReference; lastKnownFileType = sourcecode.swift; path = MemicButtonText.swift; sourceTree = "<group>"; };
		561472F022D1432C00648B86 /* MemicLabel.swift */ = {isa = PBXFileReference; lastKnownFileType = sourcecode.swift; path = MemicLabel.swift; sourceTree = "<group>"; };
		561472F222D1449400648B86 /* ProfilePictureVC.swift */ = {isa = PBXFileReference; lastKnownFileType = sourcecode.swift; path = ProfilePictureVC.swift; sourceTree = "<group>"; };
		561472F422D144D300648B86 /* MemicView.swift */ = {isa = PBXFileReference; lastKnownFileType = sourcecode.swift; path = MemicView.swift; sourceTree = "<group>"; };
		561472F622D1489400648B86 /* PhotoUploadVC.swift */ = {isa = PBXFileReference; lastKnownFileType = sourcecode.swift; path = PhotoUploadVC.swift; sourceTree = "<group>"; };
		561472F822D1581400648B86 /* GoogleService-Info.plist */ = {isa = PBXFileReference; fileEncoding = 4; lastKnownFileType = text.plist.xml; path = "GoogleService-Info.plist"; sourceTree = "<group>"; };
		561472FB22D15A4A00648B86 /* FirebaseAnalytics.framework */ = {isa = PBXFileReference; lastKnownFileType = wrapper.framework; name = FirebaseAnalytics.framework; path = Carthage/Build/iOS/FirebaseAnalytics.framework; sourceTree = SOURCE_ROOT; };
		561472FC22D15A4A00648B86 /* FirebaseCoreDiagnostics.framework */ = {isa = PBXFileReference; lastKnownFileType = wrapper.framework; name = FirebaseCoreDiagnostics.framework; path = Carthage/Build/iOS/FirebaseCoreDiagnostics.framework; sourceTree = SOURCE_ROOT; };
		561472FD22D15A4A00648B86 /* GoogleUtilities.framework */ = {isa = PBXFileReference; lastKnownFileType = wrapper.framework; name = GoogleUtilities.framework; path = Carthage/Build/iOS/GoogleUtilities.framework; sourceTree = SOURCE_ROOT; };
		561472FE22D15A4A00648B86 /* GTMSessionFetcher.framework */ = {isa = PBXFileReference; lastKnownFileType = wrapper.framework; name = GTMSessionFetcher.framework; path = Carthage/Build/iOS/GTMSessionFetcher.framework; sourceTree = SOURCE_ROOT; };
		561472FF22D15A4A00648B86 /* leveldb-library.framework */ = {isa = PBXFileReference; lastKnownFileType = wrapper.framework; name = "leveldb-library.framework"; path = "Carthage/Build/iOS/leveldb-library.framework"; sourceTree = SOURCE_ROOT; };
		5614730022D15A4A00648B86 /* gRPC-C++.framework */ = {isa = PBXFileReference; lastKnownFileType = wrapper.framework; name = "gRPC-C++.framework"; path = "Carthage/Build/iOS/gRPC-C++.framework"; sourceTree = SOURCE_ROOT; };
		5614730122D15A4A00648B86 /* Firebase.framework */ = {isa = PBXFileReference; lastKnownFileType = wrapper.framework; name = Firebase.framework; path = Carthage/Build/iOS/Firebase.framework; sourceTree = SOURCE_ROOT; };
		5614730222D15A4A00648B86 /* Protobuf.framework */ = {isa = PBXFileReference; lastKnownFileType = wrapper.framework; name = Protobuf.framework; path = Carthage/Build/iOS/Protobuf.framework; sourceTree = SOURCE_ROOT; };
		5614730322D15A4A00648B86 /* FirebaseAuth.framework */ = {isa = PBXFileReference; lastKnownFileType = wrapper.framework; name = FirebaseAuth.framework; path = Carthage/Build/iOS/FirebaseAuth.framework; sourceTree = SOURCE_ROOT; };
		5614730422D15A4A00648B86 /* FirebaseCore.framework */ = {isa = PBXFileReference; lastKnownFileType = wrapper.framework; name = FirebaseCore.framework; path = Carthage/Build/iOS/FirebaseCore.framework; sourceTree = SOURCE_ROOT; };
		5614730522D15A4A00648B86 /* FirebaseFirestore.framework */ = {isa = PBXFileReference; lastKnownFileType = wrapper.framework; name = FirebaseFirestore.framework; path = Carthage/Build/iOS/FirebaseFirestore.framework; sourceTree = SOURCE_ROOT; };
		5614730622D15A4A00648B86 /* GoogleAppMeasurement.framework */ = {isa = PBXFileReference; lastKnownFileType = wrapper.framework; name = GoogleAppMeasurement.framework; path = Carthage/Build/iOS/GoogleAppMeasurement.framework; sourceTree = SOURCE_ROOT; };
		5614730722D15A4A00648B86 /* FIRAnalyticsConnector.framework */ = {isa = PBXFileReference; lastKnownFileType = wrapper.framework; name = FIRAnalyticsConnector.framework; path = Carthage/Build/iOS/FIRAnalyticsConnector.framework; sourceTree = SOURCE_ROOT; };
		5614730822D15A4B00648B86 /* FirebaseInstanceID.framework */ = {isa = PBXFileReference; lastKnownFileType = wrapper.framework; name = FirebaseInstanceID.framework; path = Carthage/Build/iOS/FirebaseInstanceID.framework; sourceTree = SOURCE_ROOT; };
		5614730922D15A4B00648B86 /* BoringSSL-GRPC.framework */ = {isa = PBXFileReference; lastKnownFileType = wrapper.framework; name = "BoringSSL-GRPC.framework"; path = "Carthage/Build/iOS/BoringSSL-GRPC.framework"; sourceTree = SOURCE_ROOT; };
		5614730A22D15A4B00648B86 /* gRPC-Core.framework */ = {isa = PBXFileReference; lastKnownFileType = wrapper.framework; name = "gRPC-Core.framework"; path = "Carthage/Build/iOS/gRPC-Core.framework"; sourceTree = SOURCE_ROOT; };
		5614730B22D15A4B00648B86 /* nanopb.framework */ = {isa = PBXFileReference; lastKnownFileType = wrapper.framework; name = nanopb.framework; path = Carthage/Build/iOS/nanopb.framework; sourceTree = SOURCE_ROOT; };
		5614731D22D15A6900648B86 /* libsqlite3.tbd */ = {isa = PBXFileReference; lastKnownFileType = "sourcecode.text-based-dylib-definition"; name = libsqlite3.tbd; path = usr/lib/libsqlite3.tbd; sourceTree = SDKROOT; };
		5614731F22D15A7B00648B86 /* libc++.tbd */ = {isa = PBXFileReference; lastKnownFileType = "sourcecode.text-based-dylib-definition"; name = "libc++.tbd"; path = "usr/lib/libc++.tbd"; sourceTree = SDKROOT; };
		5614732122D15A8D00648B86 /* StoreKit.framework */ = {isa = PBXFileReference; lastKnownFileType = wrapper.framework; name = StoreKit.framework; path = System/Library/Frameworks/StoreKit.framework; sourceTree = SDKROOT; };
		5614732322D15F5400648B86 /* UserController.swift */ = {isa = PBXFileReference; lastKnownFileType = sourcecode.swift; path = UserController.swift; sourceTree = "<group>"; };
		5614732522D1625F00648B86 /* Errors.swift */ = {isa = PBXFileReference; lastKnownFileType = sourcecode.swift; path = Errors.swift; sourceTree = "<group>"; };
		5614732722D1CADE00648B86 /* gRPCCertificates-Cpp.bundle */ = {isa = PBXFileReference; lastKnownFileType = "wrapper.plug-in"; path = "gRPCCertificates-Cpp.bundle"; sourceTree = "<group>"; };
		562178F722D284A900B45E7B /* Navigation.storyboard */ = {isa = PBXFileReference; lastKnownFileType = file.storyboard; path = Navigation.storyboard; sourceTree = "<group>"; };
		562178F922D2873900B45E7B /* Feed.storyboard */ = {isa = PBXFileReference; lastKnownFileType = file.storyboard; path = Feed.storyboard; sourceTree = "<group>"; };
		562178FB22D287AA00B45E7B /* FeedVC.swift */ = {isa = PBXFileReference; lastKnownFileType = sourcecode.swift; path = FeedVC.swift; sourceTree = "<group>"; };
		562178FD22D2890300B45E7B /* NavigationTBC.swift */ = {isa = PBXFileReference; lastKnownFileType = sourcecode.swift; path = NavigationTBC.swift; sourceTree = "<group>"; };
		562178FF22D28C0F00B45E7B /* PostVC.swift */ = {isa = PBXFileReference; lastKnownFileType = sourcecode.swift; path = PostVC.swift; sourceTree = "<group>"; };
		5621790222D28CAE00B45E7B /* Post.storyboard */ = {isa = PBXFileReference; lastKnownFileType = file.storyboard; path = Post.storyboard; sourceTree = "<group>"; };
/* End PBXFileReference section */

/* Begin PBXFrameworksBuildPhase section */
		561472A822D1085800648B86 /* Frameworks */ = {
			isa = PBXFrameworksBuildPhase;
			buildActionMask = 2147483647;
			files = (
				5614732222D15A8D00648B86 /* StoreKit.framework in Frameworks */,
				5614732022D15A7B00648B86 /* libc++.tbd in Frameworks */,
				5614731E22D15A6900648B86 /* libsqlite3.tbd in Frameworks */,
				5614731422D15A4B00648B86 /* FirebaseAuth.framework in Frameworks */,
				5614731B22D15A4B00648B86 /* gRPC-Core.framework in Frameworks */,
				5614730F22D15A4B00648B86 /* GTMSessionFetcher.framework in Frameworks */,
				5614731722D15A4B00648B86 /* GoogleAppMeasurement.framework in Frameworks */,
				5614731C22D15A4B00648B86 /* nanopb.framework in Frameworks */,
				5614730E22D15A4B00648B86 /* GoogleUtilities.framework in Frameworks */,
				5614731122D15A4B00648B86 /* gRPC-C++.framework in Frameworks */,
				5614731222D15A4B00648B86 /* Firebase.framework in Frameworks */,
				5614730C22D15A4B00648B86 /* FirebaseAnalytics.framework in Frameworks */,
				5614731522D15A4B00648B86 /* FirebaseCore.framework in Frameworks */,
				5614730D22D15A4B00648B86 /* FirebaseCoreDiagnostics.framework in Frameworks */,
				5614731022D15A4B00648B86 /* leveldb-library.framework in Frameworks */,
				5614731822D15A4B00648B86 /* FIRAnalyticsConnector.framework in Frameworks */,
				5614731922D15A4B00648B86 /* FirebaseInstanceID.framework in Frameworks */,
				5614731622D15A4B00648B86 /* FirebaseFirestore.framework in Frameworks */,
				5614731A22D15A4B00648B86 /* BoringSSL-GRPC.framework in Frameworks */,
				5614731322D15A4B00648B86 /* Protobuf.framework in Frameworks */,
			);
			runOnlyForDeploymentPostprocessing = 0;
		};
/* End PBXFrameworksBuildPhase section */

/* Begin PBXGroup section */
		561472A222D1085800648B86 = {
			isa = PBXGroup;
			children = (
				561472AD22D1085800648B86 /* M3MIC */,
				561472AC22D1085800648B86 /* Products */,
				561472FA22D15A3900648B86 /* Frameworks */,
			);
			sourceTree = "<group>";
		};
		561472AC22D1085800648B86 /* Products */ = {
			isa = PBXGroup;
			children = (
				561472AB22D1085800648B86 /* M3MIC.app */,
			);
			name = Products;
			sourceTree = "<group>";
		};
		561472AD22D1085800648B86 /* M3MIC */ = {
			isa = PBXGroup;
			children = (
				561472C122D1087C00648B86 /* Resources */,
				561472C022D1086F00648B86 /* Storyboards */,
				561472C422D10A5500648B86 /* Models */,
				561472D122D111F900648B86 /* Model Controllers */,
				561472D622D1226100648B86 /* View Controllers */,
				561472DE22D12FB200648B86 /* Helpers */,
			);
			path = M3MIC;
			sourceTree = "<group>";
		};
		561472C022D1086F00648B86 /* Storyboards */ = {
			isa = PBXGroup;
			children = (
				561472B722D1085C00648B86 /* LaunchScreen.storyboard */,
				561472B222D1085800648B86 /* Login.storyboard */,
				562178F722D284A900B45E7B /* Navigation.storyboard */,
				562178F922D2873900B45E7B /* Feed.storyboard */,
				5621790222D28CAE00B45E7B /* Post.storyboard */,
			);
			path = Storyboards;
			sourceTree = "<group>";
		};
		561472C122D1087C00648B86 /* Resources */ = {
			isa = PBXGroup;
			children = (
				561472AE22D1085800648B86 /* AppDelegate.swift */,
				561472B522D1085C00648B86 /* Assets.xcassets */,
				561472E822D13C3F00648B86 /* Fonts */,
				561472BA22D1085C00648B86 /* Info.plist */,
				561472F822D1581400648B86 /* GoogleService-Info.plist */,
				5614732722D1CADE00648B86 /* gRPCCertificates-Cpp.bundle */,
			);
			path = Resources;
			sourceTree = "<group>";
		};
		561472C422D10A5500648B86 /* Models */ = {
			isa = PBXGroup;
			children = (
				561472C222D108C100648B86 /* User.swift */,
				561472C522D10B1300648B86 /* Post.swift */,
				561472CD22D1115A00648B86 /* Reply.swift */,
				561472C722D10EEF00648B86 /* Gif.swift */,
			);
			path = Models;
			sourceTree = "<group>";
		};
		561472D122D111F900648B86 /* Model Controllers */ = {
			isa = PBXGroup;
			children = (
				5614732322D15F5400648B86 /* UserController.swift */,
				561472CF22D111F500648B86 /* GifController.swift */,
			);
			path = "Model Controllers";
			sourceTree = "<group>";
		};
		561472D622D1226100648B86 /* View Controllers */ = {
			isa = PBXGroup;
			children = (
				561472D722D1227800648B86 /* Login & Signup */,
				5621790122D28C1900B45E7B /* Navigation */,
			);
			path = "View Controllers";
			sourceTree = "<group>";
		};
		561472D722D1227800648B86 /* Login & Signup */ = {
			isa = PBXGroup;
			children = (
				561472D222D1224800648B86 /* LoginVC.swift */,
				561472D422D1225800648B86 /* SignupVC.swift */,
				561472F222D1449400648B86 /* ProfilePictureVC.swift */,
				561472F622D1489400648B86 /* PhotoUploadVC.swift */,
			);
			path = "Login & Signup";
			sourceTree = "<group>";
		};
		561472DE22D12FB200648B86 /* Helpers */ = {
			isa = PBXGroup;
			children = (
				561472DA22D1252300648B86 /* extensionVC.swift */,
				561472E622D132C600648B86 /* extensionView.swift */,
				561472DF22D12FC100648B86 /* extensionColors.swift */,
				561472E422D1325A00648B86 /* extensionFont.swift */,
				561472E322D131D200648B86 /* CustomUI */,
				5614732522D1625F00648B86 /* Errors.swift */,
			);
			path = Helpers;
			sourceTree = "<group>";
		};
		561472E322D131D200648B86 /* CustomUI */ = {
			isa = PBXGroup;
			children = (
				561472E122D131CD00648B86 /* MemicTF.swift */,
				561472EA22D13E3600648B86 /* MemicButton.swift */,
				561472EC22D140D800648B86 /* MemicButtonDark.swift */,
				561472EE22D1411700648B86 /* MemicButtonText.swift */,
				561472F022D1432C00648B86 /* MemicLabel.swift */,
				561472F422D144D300648B86 /* MemicView.swift */,
			);
			path = CustomUI;
			sourceTree = "<group>";
		};
		561472FA22D15A3900648B86 /* Frameworks */ = {
			isa = PBXGroup;
			children = (
				5614732122D15A8D00648B86 /* StoreKit.framework */,
				5614731F22D15A7B00648B86 /* libc++.tbd */,
				5614731D22D15A6900648B86 /* libsqlite3.tbd */,
				5614730922D15A4B00648B86 /* BoringSSL-GRPC.framework */,
				5614730722D15A4A00648B86 /* FIRAnalyticsConnector.framework */,
				5614730122D15A4A00648B86 /* Firebase.framework */,
				561472FB22D15A4A00648B86 /* FirebaseAnalytics.framework */,
				5614730322D15A4A00648B86 /* FirebaseAuth.framework */,
				5614730422D15A4A00648B86 /* FirebaseCore.framework */,
				561472FC22D15A4A00648B86 /* FirebaseCoreDiagnostics.framework */,
				5614730522D15A4A00648B86 /* FirebaseFirestore.framework */,
				5614730822D15A4B00648B86 /* FirebaseInstanceID.framework */,
				5614730622D15A4A00648B86 /* GoogleAppMeasurement.framework */,
				561472FD22D15A4A00648B86 /* GoogleUtilities.framework */,
				5614730022D15A4A00648B86 /* gRPC-C++.framework */,
				5614730A22D15A4B00648B86 /* gRPC-Core.framework */,
				561472FE22D15A4A00648B86 /* GTMSessionFetcher.framework */,
				561472FF22D15A4A00648B86 /* leveldb-library.framework */,
				5614730B22D15A4B00648B86 /* nanopb.framework */,
				5614730222D15A4A00648B86 /* Protobuf.framework */,
			);
			path = Frameworks;
			sourceTree = "<group>";
		};
		5621790122D28C1900B45E7B /* Navigation */ = {
			isa = PBXGroup;
			children = (
				562178FD22D2890300B45E7B /* NavigationTBC.swift */,
				562178FB22D287AA00B45E7B /* FeedVC.swift */,
				562178FF22D28C0F00B45E7B /* PostVC.swift */,
			);
			path = Navigation;
			sourceTree = "<group>";
		};
/* End PBXGroup section */

/* Begin PBXNativeTarget section */
		561472AA22D1085800648B86 /* M3MIC */ = {
			isa = PBXNativeTarget;
			buildConfigurationList = 561472BD22D1085C00648B86 /* Build configuration list for PBXNativeTarget "M3MIC" */;
			buildPhases = (
				561472A722D1085800648B86 /* Sources */,
				561472A822D1085800648B86 /* Frameworks */,
				561472A922D1085800648B86 /* Resources */,
			);
			buildRules = (
			);
			dependencies = (
			);
			name = M3MIC;
			productName = M3MIC;
			productReference = 561472AB22D1085800648B86 /* M3MIC.app */;
			productType = "com.apple.product-type.application";
		};
/* End PBXNativeTarget section */

/* Begin PBXProject section */
		561472A322D1085800648B86 /* Project object */ = {
			isa = PBXProject;
			attributes = {
				LastSwiftUpdateCheck = 1020;
				LastUpgradeCheck = 1020;
				ORGANIZATIONNAME = "Brian Daniel";
				TargetAttributes = {
					561472AA22D1085800648B86 = {
						CreatedOnToolsVersion = 10.2.1;
					};
				};
			};
			buildConfigurationList = 561472A622D1085800648B86 /* Build configuration list for PBXProject "M3MIC" */;
			compatibilityVersion = "Xcode 9.3";
			developmentRegion = en;
			hasScannedForEncodings = 0;
			knownRegions = (
				en,
				Base,
			);
			mainGroup = 561472A222D1085800648B86;
			productRefGroup = 561472AC22D1085800648B86 /* Products */;
			projectDirPath = "";
			projectRoot = "";
			targets = (
				561472AA22D1085800648B86 /* M3MIC */,
			);
		};
/* End PBXProject section */

/* Begin PBXResourcesBuildPhase section */
		561472A922D1085800648B86 /* Resources */ = {
			isa = PBXResourcesBuildPhase;
			buildActionMask = 2147483647;
			files = (
				561472B922D1085C00648B86 /* LaunchScreen.storyboard in Resources */,
				5614732822D1CADE00648B86 /* gRPCCertificates-Cpp.bundle in Resources */,
				562178FA22D2873900B45E7B /* Feed.storyboard in Resources */,
				561472B622D1085C00648B86 /* Assets.xcassets in Resources */,
				5621790322D28CAE00B45E7B /* Post.storyboard in Resources */,
				561472F922D1581400648B86 /* GoogleService-Info.plist in Resources */,
				561472B422D1085800648B86 /* Login.storyboard in Resources */,
				561472E922D13C3F00648B86 /* Fonts in Resources */,
				562178F822D284A900B45E7B /* Navigation.storyboard in Resources */,
			);
			runOnlyForDeploymentPostprocessing = 0;
		};
/* End PBXResourcesBuildPhase section */

/* Begin PBXSourcesBuildPhase section */
		561472A722D1085800648B86 /* Sources */ = {
			isa = PBXSourcesBuildPhase;
			buildActionMask = 2147483647;
			files = (
				561472ED22D140D800648B86 /* MemicButtonDark.swift in Sources */,
				562178FC22D287AA00B45E7B /* FeedVC.swift in Sources */,
				5621790022D28C0F00B45E7B /* PostVC.swift in Sources */,
				561472E722D132C600648B86 /* extensionView.swift in Sources */,
				561472F722D1489400648B86 /* PhotoUploadVC.swift in Sources */,
				561472D522D1225800648B86 /* SignupVC.swift in Sources */,
				561472CE22D1115A00648B86 /* Reply.swift in Sources */,
				561472F522D144D300648B86 /* MemicView.swift in Sources */,
				5614732622D1625F00648B86 /* Errors.swift in Sources */,
				561472E522D1325A00648B86 /* extensionFont.swift in Sources */,
				561472C622D10B1300648B86 /* Post.swift in Sources */,
				561472D322D1224800648B86 /* LoginVC.swift in Sources */,
				561472DB22D1252300648B86 /* extensionVC.swift in Sources */,
				561472F122D1432C00648B86 /* MemicLabel.swift in Sources */,
				561472E022D12FC100648B86 /* extensionColors.swift in Sources */,
				561472C322D108C100648B86 /* User.swift in Sources */,
				561472C822D10EEF00648B86 /* Gif.swift in Sources */,
				561472D022D111F500648B86 /* GifController.swift in Sources */,
				561472EF22D1411700648B86 /* MemicButtonText.swift in Sources */,
				561472EB22D13E3600648B86 /* MemicButton.swift in Sources */,
				561472AF22D1085800648B86 /* AppDelegate.swift in Sources */,
				5614732422D15F5400648B86 /* UserController.swift in Sources */,
				561472E222D131CD00648B86 /* MemicTF.swift in Sources */,
				561472F322D1449400648B86 /* ProfilePictureVC.swift in Sources */,
				562178FE22D2890300B45E7B /* NavigationTBC.swift in Sources */,
			);
			runOnlyForDeploymentPostprocessing = 0;
		};
/* End PBXSourcesBuildPhase section */

/* Begin PBXVariantGroup section */
		561472B222D1085800648B86 /* Login.storyboard */ = {
			isa = PBXVariantGroup;
			children = (
				561472B322D1085800648B86 /* Base */,
			);
			name = Login.storyboard;
			sourceTree = "<group>";
		};
		561472B722D1085C00648B86 /* LaunchScreen.storyboard */ = {
			isa = PBXVariantGroup;
			children = (
				561472B822D1085C00648B86 /* Base */,
			);
			name = LaunchScreen.storyboard;
			sourceTree = "<group>";
		};
/* End PBXVariantGroup section */

/* Begin XCBuildConfiguration section */
		561472BB22D1085C00648B86 /* Debug */ = {
			isa = XCBuildConfiguration;
			buildSettings = {
				ALWAYS_SEARCH_USER_PATHS = NO;
				CLANG_ANALYZER_NONNULL = YES;
				CLANG_ANALYZER_NUMBER_OBJECT_CONVERSION = YES_AGGRESSIVE;
				CLANG_CXX_LANGUAGE_STANDARD = "gnu++14";
				CLANG_CXX_LIBRARY = "libc++";
				CLANG_ENABLE_MODULES = YES;
				CLANG_ENABLE_OBJC_ARC = YES;
				CLANG_ENABLE_OBJC_WEAK = YES;
				CLANG_WARN_BLOCK_CAPTURE_AUTORELEASING = YES;
				CLANG_WARN_BOOL_CONVERSION = YES;
				CLANG_WARN_COMMA = YES;
				CLANG_WARN_CONSTANT_CONVERSION = YES;
				CLANG_WARN_DEPRECATED_OBJC_IMPLEMENTATIONS = YES;
				CLANG_WARN_DIRECT_OBJC_ISA_USAGE = YES_ERROR;
				CLANG_WARN_DOCUMENTATION_COMMENTS = YES;
				CLANG_WARN_EMPTY_BODY = YES;
				CLANG_WARN_ENUM_CONVERSION = YES;
				CLANG_WARN_INFINITE_RECURSION = YES;
				CLANG_WARN_INT_CONVERSION = YES;
				CLANG_WARN_NON_LITERAL_NULL_CONVERSION = YES;
				CLANG_WARN_OBJC_IMPLICIT_RETAIN_SELF = YES;
				CLANG_WARN_OBJC_LITERAL_CONVERSION = YES;
				CLANG_WARN_OBJC_ROOT_CLASS = YES_ERROR;
				CLANG_WARN_RANGE_LOOP_ANALYSIS = YES;
				CLANG_WARN_STRICT_PROTOTYPES = YES;
				CLANG_WARN_SUSPICIOUS_MOVE = YES;
				CLANG_WARN_UNGUARDED_AVAILABILITY = YES_AGGRESSIVE;
				CLANG_WARN_UNREACHABLE_CODE = YES;
				CLANG_WARN__DUPLICATE_METHOD_MATCH = YES;
				CODE_SIGN_IDENTITY = "iPhone Developer";
				COPY_PHASE_STRIP = NO;
				DEBUG_INFORMATION_FORMAT = dwarf;
				ENABLE_STRICT_OBJC_MSGSEND = YES;
				ENABLE_TESTABILITY = YES;
				GCC_C_LANGUAGE_STANDARD = gnu11;
				GCC_DYNAMIC_NO_PIC = NO;
				GCC_NO_COMMON_BLOCKS = YES;
				GCC_OPTIMIZATION_LEVEL = 0;
				GCC_PREPROCESSOR_DEFINITIONS = (
					"DEBUG=1",
					"$(inherited)",
				);
				GCC_WARN_64_TO_32_BIT_CONVERSION = YES;
				GCC_WARN_ABOUT_RETURN_TYPE = YES_ERROR;
				GCC_WARN_UNDECLARED_SELECTOR = YES;
				GCC_WARN_UNINITIALIZED_AUTOS = YES_AGGRESSIVE;
				GCC_WARN_UNUSED_FUNCTION = YES;
				GCC_WARN_UNUSED_VARIABLE = YES;
				IPHONEOS_DEPLOYMENT_TARGET = 12.2;
				MTL_ENABLE_DEBUG_INFO = INCLUDE_SOURCE;
				MTL_FAST_MATH = YES;
				ONLY_ACTIVE_ARCH = YES;
				SDKROOT = iphoneos;
				SWIFT_ACTIVE_COMPILATION_CONDITIONS = DEBUG;
				SWIFT_OPTIMIZATION_LEVEL = "-Onone";
			};
			name = Debug;
		};
		561472BC22D1085C00648B86 /* Release */ = {
			isa = XCBuildConfiguration;
			buildSettings = {
				ALWAYS_SEARCH_USER_PATHS = NO;
				CLANG_ANALYZER_NONNULL = YES;
				CLANG_ANALYZER_NUMBER_OBJECT_CONVERSION = YES_AGGRESSIVE;
				CLANG_CXX_LANGUAGE_STANDARD = "gnu++14";
				CLANG_CXX_LIBRARY = "libc++";
				CLANG_ENABLE_MODULES = YES;
				CLANG_ENABLE_OBJC_ARC = YES;
				CLANG_ENABLE_OBJC_WEAK = YES;
				CLANG_WARN_BLOCK_CAPTURE_AUTORELEASING = YES;
				CLANG_WARN_BOOL_CONVERSION = YES;
				CLANG_WARN_COMMA = YES;
				CLANG_WARN_CONSTANT_CONVERSION = YES;
				CLANG_WARN_DEPRECATED_OBJC_IMPLEMENTATIONS = YES;
				CLANG_WARN_DIRECT_OBJC_ISA_USAGE = YES_ERROR;
				CLANG_WARN_DOCUMENTATION_COMMENTS = YES;
				CLANG_WARN_EMPTY_BODY = YES;
				CLANG_WARN_ENUM_CONVERSION = YES;
				CLANG_WARN_INFINITE_RECURSION = YES;
				CLANG_WARN_INT_CONVERSION = YES;
				CLANG_WARN_NON_LITERAL_NULL_CONVERSION = YES;
				CLANG_WARN_OBJC_IMPLICIT_RETAIN_SELF = YES;
				CLANG_WARN_OBJC_LITERAL_CONVERSION = YES;
				CLANG_WARN_OBJC_ROOT_CLASS = YES_ERROR;
				CLANG_WARN_RANGE_LOOP_ANALYSIS = YES;
				CLANG_WARN_STRICT_PROTOTYPES = YES;
				CLANG_WARN_SUSPICIOUS_MOVE = YES;
				CLANG_WARN_UNGUARDED_AVAILABILITY = YES_AGGRESSIVE;
				CLANG_WARN_UNREACHABLE_CODE = YES;
				CLANG_WARN__DUPLICATE_METHOD_MATCH = YES;
				CODE_SIGN_IDENTITY = "iPhone Developer";
				COPY_PHASE_STRIP = NO;
				DEBUG_INFORMATION_FORMAT = "dwarf-with-dsym";
				ENABLE_NS_ASSERTIONS = NO;
				ENABLE_STRICT_OBJC_MSGSEND = YES;
				GCC_C_LANGUAGE_STANDARD = gnu11;
				GCC_NO_COMMON_BLOCKS = YES;
				GCC_WARN_64_TO_32_BIT_CONVERSION = YES;
				GCC_WARN_ABOUT_RETURN_TYPE = YES_ERROR;
				GCC_WARN_UNDECLARED_SELECTOR = YES;
				GCC_WARN_UNINITIALIZED_AUTOS = YES_AGGRESSIVE;
				GCC_WARN_UNUSED_FUNCTION = YES;
				GCC_WARN_UNUSED_VARIABLE = YES;
				IPHONEOS_DEPLOYMENT_TARGET = 12.2;
				MTL_ENABLE_DEBUG_INFO = NO;
				MTL_FAST_MATH = YES;
				SDKROOT = iphoneos;
				SWIFT_COMPILATION_MODE = wholemodule;
				SWIFT_OPTIMIZATION_LEVEL = "-O";
				VALIDATE_PRODUCT = YES;
			};
			name = Release;
		};
		561472BE22D1085C00648B86 /* Debug */ = {
			isa = XCBuildConfiguration;
			buildSettings = {
				ASSETCATALOG_COMPILER_APPICON_NAME = AppIcon;
				CODE_SIGN_STYLE = Automatic;
				DEVELOPMENT_TEAM = 2F9Q94NNH5;
				FRAMEWORK_SEARCH_PATHS = (
					"$(inherited)",
					"$(PROJECT_DIR)/Carthage/Build/iOS",
				);
				INFOPLIST_FILE = "$(SRCROOT)/M3MIC/Resources/Info.plist";
				LD_RUNPATH_SEARCH_PATHS = (
					"$(inherited)",
					"@executable_path/Frameworks",
				);
				OTHER_LDFLAGS = "-ObjC";
				PRODUCT_BUNDLE_IDENTIFIER = dev.brianhersh.M3MIC;
				PRODUCT_NAME = "$(TARGET_NAME)";
				SWIFT_VERSION = 5.0;
				TARGETED_DEVICE_FAMILY = "1,2";
			};
			name = Debug;
		};
		561472BF22D1085C00648B86 /* Release */ = {
			isa = XCBuildConfiguration;
			buildSettings = {
				ASSETCATALOG_COMPILER_APPICON_NAME = AppIcon;
				CODE_SIGN_STYLE = Automatic;
				DEVELOPMENT_TEAM = 2F9Q94NNH5;
				FRAMEWORK_SEARCH_PATHS = (
					"$(inherited)",
					"$(PROJECT_DIR)/Carthage/Build/iOS",
				);
				INFOPLIST_FILE = "$(SRCROOT)/M3MIC/Resources/Info.plist";
				LD_RUNPATH_SEARCH_PATHS = (
					"$(inherited)",
					"@executable_path/Frameworks",
				);
				OTHER_LDFLAGS = "-ObjC";
				PRODUCT_BUNDLE_IDENTIFIER = dev.brianhersh.M3MIC;
				PRODUCT_NAME = "$(TARGET_NAME)";
				SWIFT_VERSION = 5.0;
				TARGETED_DEVICE_FAMILY = "1,2";
			};
			name = Release;
		};
/* End XCBuildConfiguration section */

/* Begin XCConfigurationList section */
		561472A622D1085800648B86 /* Build configuration list for PBXProject "M3MIC" */ = {
			isa = XCConfigurationList;
			buildConfigurations = (
				561472BB22D1085C00648B86 /* Debug */,
				561472BC22D1085C00648B86 /* Release */,
			);
			defaultConfigurationIsVisible = 0;
			defaultConfigurationName = Release;
		};
		561472BD22D1085C00648B86 /* Build configuration list for PBXNativeTarget "M3MIC" */ = {
			isa = XCConfigurationList;
			buildConfigurations = (
				561472BE22D1085C00648B86 /* Debug */,
				561472BF22D1085C00648B86 /* Release */,
			);
			defaultConfigurationIsVisible = 0;
			defaultConfigurationName = Release;
		};
/* End XCConfigurationList section */
	};
	rootObject = 561472A322D1085800648B86 /* Project object */;
}
